
Microsoft Visual Studio Solution File, Format Version 12.00
# Visual Studio Version 16
VisualStudioVersion = 16.0.28803.202
MinimumVisualStudioVersion = 10.0.40219.1
Project("{9A19103F-16F7-4668-BE54-9A1E7A4F7556}") = "Alura.LeilaoOnline", "Alura.LeilaoOnline\Alura.LeilaoOnline.csproj", "{B3C6D282-F9D8-476A-8775-08741E51CBAC}"
EndProject
Project("{2150E333-8FDC-42A3-9474-1A3956D46DE8}") = "src", "src", "{9878E173-D755-400D-9DFF-66DDB503562C}"
EndProject
Project("{2150E333-8FDC-42A3-9474-1A3956D46DE8}") = "tests", "tests", "{A3F5499F-FD1E-4489-AF00-A6807B180C5D}"
EndProject
Project("{9A19103F-16F7-4668-BE54-9A1E7A4F7556}") = "Alura.LeilaoOnline.Core", "Alura.LeilaoOnline.Core\Alura.LeilaoOnline.Core.csproj", "{20CE9C52-59E4-4D30-B285-9448285980B2}"
EndProject
Project("{FAE04EC0-301F-11D3-BF4B-00C04F79EFBC}") = "Alura.LeilaoOnline.ConsoleApp", "Alura.LeilaoOnline.ConsoleApp\Alura.LeilaoOnline.ConsoleApp.csproj", "{9B0C0D9C-F028-4938-A78A-9B76D1415E2A}"
EndProject
Global
	GlobalSection(SolutionConfigurationPlatforms) = preSolution
		Debug|Any CPU = Debug|Any CPU
		Release|Any CPU = Release|Any CPU
	EndGlobalSection
	GlobalSection(ProjectConfigurationPlatforms) = postSolution
		{B3C6D282-F9D8-476A-8775-08741E51CBAC}.Debug|Any CPU.ActiveCfg = Debug|Any CPU
		{B3C6D282-F9D8-476A-8775-08741E51CBAC}.Debug|Any CPU.Build.0 = Debug|Any CPU
		{B3C6D282-F9D8-476A-8775-08741E51CBAC}.Release|Any CPU.ActiveCfg = Release|Any CPU
		{B3C6D282-F9D8-476A-8775-08741E51CBAC}.Release|Any CPU.Build.0 = Release|Any CPU
		{20CE9C52-59E4-4D30-B285-9448285980B2}.Debug|Any CPU.ActiveCfg = Debug|Any CPU
		{20CE9C52-59E4-4D30-B285-9448285980B2}.Debug|Any CPU.Build.0 = Debug|Any CPU
		{20CE9C52-59E4-4D30-B285-9448285980B2}.Release|Any CPU.ActiveCfg = Release|Any CPU
		{20CE9C52-59E4-4D30-B285-9448285980B2}.Release|Any CPU.Build.0 = Release|Any CPU
		{9B0C0D9C-F028-4938-A78A-9B76D1415E2A}.Debug|Any CPU.ActiveCfg = Debug|Any CPU
		{9B0C0D9C-F028-4938-A78A-9B76D1415E2A}.Debug|Any CPU.Build.0 = Debug|Any CPU
		{9B0C0D9C-F028-4938-A78A-9B76D1415E2A}.Release|Any CPU.ActiveCfg = Release|Any CPU
		{9B0C0D9C-F028-4938-A78A-9B76D1415E2A}.Release|Any CPU.Build.0 = Release|Any CPU
	EndGlobalSection
	GlobalSection(SolutionProperties) = preSolution
		HideSolutionNode = FALSE
	EndGlobalSection
	GlobalSection(NestedProjects) = preSolution
		{B3C6D282-F9D8-476A-8775-08741E51CBAC} = {A3F5499F-FD1E-4489-AF00-A6807B180C5D}
		{20CE9C52-59E4-4D30-B285-9448285980B2} = {9878E173-D755-400D-9DFF-66DDB503562C}
		{9B0C0D9C-F028-4938-A78A-9B76D1415E2A} = {A3F5499F-FD1E-4489-AF00-A6807B180C5D}
	EndGlobalSection
	GlobalSection(ExtensibilityGlobals) = postSolution
		SolutionGuid = {4954987C-CE5E-4A4C-9701-090B0C560356}
	EndGlobalSection
EndGlobal
